
Microsoft Visual Studio Solution File, Format Version 12.00
Project("{FAE04EC0-301F-11D3-BF4B-00C04F79EFBC}") = "DataGateWin.Installer", "DataGateWin.Installer.csproj", "{F4065B3B-E17A-44C9-AD83-118BE7FFA447}"
EndProject
Global
	GlobalSection(SolutionConfigurationPlatforms) = preSolution
		Debug|Any CPU = Debug|Any CPU
		Release|Any CPU = Release|Any CPU
	EndGlobalSection
	GlobalSection(ProjectConfigurationPlatforms) = postSolution
		{F4065B3B-E17A-44C9-AD83-118BE7FFA447}.Debug|Any CPU.ActiveCfg = Debug|Any CPU
		{F4065B3B-E17A-44C9-AD83-118BE7FFA447}.Debug|Any CPU.Build.0 = Debug|Any CPU
		{F4065B3B-E17A-44C9-AD83-118BE7FFA447}.Release|Any CPU.ActiveCfg = Release|Any CPU
		{F4065B3B-E17A-44C9-AD83-118BE7FFA447}.Release|Any CPU.Build.0 = Release|Any CPU
	EndGlobalSection
EndGlobal
